Microsoft Visual Studio Solution File, Format Version 12.00
# Visual Studio Version 17
VisualStudioVersion = 17.13.35825.156
MinimumVisualStudioVersion = 10.0.40219.1
Project("{FAE04EC0-301F-11D3-BF4B-00C04F79EFBC}") = "OpenSearchDemo", "OpenSearchDemo\OpenSearchDemo.csproj", "{44278E39-D964-4F0E-906D-A69CA0FB0595}"
EndProject
Project("{2150E333-8FDC-42A3-9474-1A3956D46DE8}") = "src", "src", "{ADD0E59D-3EA7-4FB4-8BDC-FEF100DAE3A8}"
EndProject
Project("{2150E333-8FDC-42A3-9474-1A3956D46DE8}") = "shared", "shared", "{02EA681E-C7D8-13C7-8484-4AC65E1B71E8}"
	ProjectSection(SolutionItems) = preProject
		docker-compose.yml = docker-compose.yml
	EndProjectSection
EndProject
Global
	GlobalSection(SolutionConfigurationPlatforms) = preSolution
		Debug|Any CPU = Debug|Any CPU
		Release|Any CPU = Release|Any CPU
	EndGlobalSection
	GlobalSection(ProjectConfigurationPlatforms) = postSolution
		{44278E39-D964-4F0E-906D-A69CA0FB0595}.Debug|Any CPU.ActiveCfg = Debug|Any CPU
		{44278E39-D964-4F0E-906D-A69CA0FB0595}.Debug|Any CPU.Build.0 = Debug|Any CPU
		{44278E39-D964-4F0E-906D-A69CA0FB0595}.Release|Any CPU.ActiveCfg = Release|Any CPU
		{44278E39-D964-4F0E-906D-A69CA0FB0595}.Release|Any CPU.Build.0 = Release|Any CPU
	EndGlobalSection
	GlobalSection(SolutionProperties) = preSolution
		HideSolutionNode = FALSE
	EndGlobalSection
	GlobalSection(NestedProjects) = preSolution
		{44278E39-D964-4F0E-906D-A69CA0FB0595} = {ADD0E59D-3EA7-4FB4-8BDC-FEF100DAE3A8}
	EndGlobalSection
	GlobalSection(ExtensibilityGlobals) = postSolution
		SolutionGuid = {DD1527AE-9EAF-45B6-9DE6-CB234B78EE47}
	EndGlobalSection
EndGlobal
